
Microsoft Visual Studio Solution File, Format Version 12.00
# Visual Studio Version 17
VisualStudioVersion = 17.6.33815.320
MinimumVisualStudioVersion = 10.0.40219.1
Project("{FAE04EC0-301F-11D3-BF4B-00C04F79EFBC}") = "MultiThreading", "MultiThreading.csproj", "{08820739-39A8-4442-99C2-AA865412E2DB}"
EndProject
Global
	GlobalSection(SolutionConfigurationPlatforms) = preSolution
		Debug|Any CPU = Debug|Any CPU
		Release|Any CPU = Release|Any CPU
	EndGlobalSection
	GlobalSection(ProjectConfigurationPlatforms) = postSolution
		{08820739-39A8-4442-99C2-AA865412E2DB}.Debug|Any CPU.ActiveCfg = Debug|Any CPU
		{08820739-39A8-4442-99C2-AA865412E2DB}.Debug|Any CPU.Build.0 = Debug|Any CPU
		{08820739-39A8-4442-99C2-AA865412E2DB}.Release|Any CPU.ActiveCfg = Release|Any CPU
		{08820739-39A8-4442-99C2-AA865412E2DB}.Release|Any CPU.Build.0 = Release|Any CPU
	EndGlobalSection
	GlobalSection(SolutionProperties) = preSolution
		HideSolutionNode = FALSE
	EndGlobalSection
	GlobalSection(ExtensibilityGlobals) = postSolution
		SolutionGuid = {359DD304-D0DD-4E86-BC31-464FA3207CC3}
	EndGlobalSection
EndGlobal
